{
  "name": "blockchain",
  "version": "1.0.0",
  "lockfileVersion": 1,
  "requires": true,
  "dependencies": {
    "crypto-md5": {
      "version": "1.0.0",
      "resolved": "https://registry.npmjs.org/crypto-md5/-/crypto-md5-1.0.0.tgz",
      "integrity": "sha1-zMjadQx1PH7curxUKWdHKjhOhrs="
    },
    "fs": {
      "version": "0.0.1-security",
      "resolved": "https://registry.npmjs.org/fs/-/fs-0.0.1-security.tgz",
      "integrity": "sha1-invTcYa23d84E/I4WLV+yq9eQdQ="
    }
  }
}
